
Microsoft Visual Studio Solution File, Format Version 12.00
# Visual Studio Version 16
VisualStudioVersion = 16.0.28606.126
MinimumVisualStudioVersion = 10.0.40219.1
Project("{FAE04EC0-301F-11D3-BF4B-00C04F79EFBC}") = "Programmer", "Programmer\Programmer.csproj", "{B84F5C23-27F6-4DD0-B72C-E772183195C1}"
EndProject
Global
	GlobalSection(SolutionConfigurationPlatforms) = preSolution
		Debug|Any CPU = Debug|Any CPU
		Release|Any CPU = Release|Any CPU
	EndGlobalSection
	GlobalSection(ProjectConfigurationPlatforms) = postSolution
		{B84F5C23-27F6-4DD0-B72C-E772183195C1}.Debug|Any CPU.ActiveCfg = Debug|Any CPU
		{B84F5C23-27F6-4DD0-B72C-E772183195C1}.Debug|Any CPU.Build.0 = Debug|Any CPU
		{B84F5C23-27F6-4DD0-B72C-E772183195C1}.Release|Any CPU.ActiveCfg = Release|Any CPU
		{B84F5C23-27F6-4DD0-B72C-E772183195C1}.Release|Any CPU.Build.0 = Release|Any CPU
	EndGlobalSection
	GlobalSection(SolutionProperties) = preSolution
		HideSolutionNode = FALSE
	EndGlobalSection
	GlobalSection(ExtensibilityGlobals) = postSolution
		SolutionGuid = {4E30ED68-3039-48EF-B7B9-C5262FB58627}
	EndGlobalSection
EndGlobal
